<Solution>
  <Configurations>
    <Platform Name="Any CPU" />
    <Platform Name="x64" />
    <Platform Name="x86" />
  </Configurations>
  <Folder Name="/src/">
    <Project Path="src/FreeAgent.Client/FreeAgent.Client.csproj" />
  </Folder>
  <Folder Name="/tests/">
    <Project Path="tests/FreeAgent.Client.Tests/FreeAgent.Client.Tests.csproj" />
  </Folder>
  <Folder Name="/samples/">
    <Project Path="samples/FreeAgent.Client.Sample/FreeAgent.Client.Sample.csproj" />
  </Folder>
</Solution>
